
Microsoft Visual Studio Solution File, Format Version 12.00
# Visual Studio Version 17
VisualStudioVersion = 17.0.31903.59
MinimumVisualStudioVersion = 10.0.40219.1
Project("{2150E333-8FDC-42A3-9474-1A3956D46DE8}") = "Modules", "Modules", "{CA253913-39DE-BFD0-C9A3-4B7EC6FBDF17}"
EndProject
Project("{2150E333-8FDC-42A3-9474-1A3956D46DE8}") = "Api", "Api", "{BCA03BAF-3B55-4130-4D48-4F0AF866192D}"
EndProject
Project("{FAE04EC0-301F-11D3-BF4B-00C04F79EFBC}") = "ECommerce.Api", "Modules\Api\ECommerce.Api\ECommerce.Api.csproj", "{8D8C0739-827F-4C27-BD2A-1E0F0C747F9B}"
EndProject
Project("{2150E333-8FDC-42A3-9474-1A3956D46DE8}") = "Catalog", "Catalog", "{729B03C7-1C3E-5EDD-EDB4-38F58E22BDF1}"
EndProject
Project("{FAE04EC0-301F-11D3-BF4B-00C04F79EFBC}") = "ECommerce.Catalog", "Modules\Catalog\ECommerce.Catalog\ECommerce.Catalog.csproj", "{92488795-A0B3-45EC-89FD-53F40721C6AA}"
EndProject
Project("{2150E333-8FDC-42A3-9474-1A3956D46DE8}") = "Payments", "Payments", "{BB0BEEE1-C6CC-7430-AB70-8D0C82AE13B4}"
EndProject
Project("{FAE04EC0-301F-11D3-BF4B-00C04F79EFBC}") = "ECommerce.Payments", "Modules\Payments\ECommerce.Payments\ECommerce.Payments.csproj", "{A7367E23-E0A0-477A-86B6-AF9CFB95CF1C}"
EndProject
Project("{2150E333-8FDC-42A3-9474-1A3956D46DE8}") = "Orders", "Orders", "{E1ED5814-3279-5096-6E7D-B99B82AC87D2}"
EndProject
Project("{FAE04EC0-301F-11D3-BF4B-00C04F79EFBC}") = "ECommerce.Orders", "Modules\Orders\ECommerce.Orders\ECommerce.Orders.csproj", "{AC6F6EFC-0916-410B-92ED-F817B024358C}"
EndProject
Project("{2150E333-8FDC-42A3-9474-1A3956D46DE8}") = "Customers", "Customers", "{3333CD61-D66C-0171-0725-9839E1F728CE}"
EndProject
Project("{FAE04EC0-301F-11D3-BF4B-00C04F79EFBC}") = "ECommerce.Customers", "Modules\Customers\ECommerce.Customers\ECommerce.Customers.csproj", "{D77844BC-5E27-4D94-809E-2AF39240D73F}"
EndProject
Project("{2150E333-8FDC-42A3-9474-1A3956D46DE8}") = "Notifications", "Notifications", "{E4F07A3A-0D15-4D3A-4C13-E2BD6EBFF108}"
EndProject
Project("{FAE04EC0-301F-11D3-BF4B-00C04F79EFBC}") = "ECommerce.Notifications", "Modules\Notifications\ECommerce.Notifications\ECommerce.Notifications.csproj", "{C9A2470B-D346-4CBD-9FD5-672DB6206719}"
EndProject
Project("{2150E333-8FDC-42A3-9474-1A3956D46DE8}") = "Shared", "Shared", "{4F52FD11-658E-A102-6CD3-7D7C16FFA15B}"
EndProject
Project("{FAE04EC0-301F-11D3-BF4B-00C04F79EFBC}") = "ECommerce.Shared", "Shared\ECommerce.Shared\ECommerce.Shared.csproj", "{28D705E3-BC46-4F99-91E0-9D46507E5349}"
EndProject
Global
	GlobalSection(SolutionConfigurationPlatforms) = preSolution
		Debug|Any CPU = Debug|Any CPU
		Debug|x64 = Debug|x64
		Debug|x86 = Debug|x86
		Release|Any CPU = Release|Any CPU
		Release|x64 = Release|x64
		Release|x86 = Release|x86
	EndGlobalSection
	GlobalSection(ProjectConfigurationPlatforms) = postSolution
		{8D8C0739-827F-4C27-BD2A-1E0F0C747F9B}.Debug|Any CPU.ActiveCfg = Debug|Any CPU
		{8D8C0739-827F-4C27-BD2A-1E0F0C747F9B}.Debug|Any CPU.Build.0 = Debug|Any CPU
		{8D8C0739-827F-4C27-BD2A-1E0F0C747F9B}.Debug|x64.ActiveCfg = Debug|Any CPU
		{8D8C0739-827F-4C27-BD2A-1E0F0C747F9B}.Debug|x64.Build.0 = Debug|Any CPU
		{8D8C0739-827F-4C27-BD2A-1E0F0C747F9B}.Debug|x86.ActiveCfg = Debug|Any CPU
		{8D8C0739-827F-4C27-BD2A-1E0F0C747F9B}.Debug|x86.Build.0 = Debug|Any CPU
		{8D8C0739-827F-4C27-BD2A-1E0F0C747F9B}.Release|Any CPU.ActiveCfg = Release|Any CPU
		{8D8C0739-827F-4C27-BD2A-1E0F0C747F9B}.Release|Any CPU.Build.0 = Release|Any CPU
		{8D8C0739-827F-4C27-BD2A-1E0F0C747F9B}.Release|x64.ActiveCfg = Release|Any CPU
		{8D8C0739-827F-4C27-BD2A-1E0F0C747F9B}.Release|x64.Build.0 = Release|Any CPU
		{8D8C0739-827F-4C27-BD2A-1E0F0C747F9B}.Release|x86.ActiveCfg = Release|Any CPU
		{8D8C0739-827F-4C27-BD2A-1E0F0C747F9B}.Release|x86.Build.0 = Release|Any CPU
		{92488795-A0B3-45EC-89FD-53F40721C6AA}.Debug|Any CPU.ActiveCfg = Debug|Any CPU
		{92488795-A0B3-45EC-89FD-53F40721C6AA}.Debug|Any CPU.Build.0 = Debug|Any CPU
		{92488795-A0B3-45EC-89FD-53F40721C6AA}.Debug|x64.ActiveCfg = Debug|Any CPU
		{92488795-A0B3-45EC-89FD-53F40721C6AA}.Debug|x64.Build.0 = Debug|Any CPU
		{92488795-A0B3-45EC-89FD-53F40721C6AA}.Debug|x86.ActiveCfg = Debug|Any CPU
		{92488795-A0B3-45EC-89FD-53F40721C6AA}.Debug|x86.Build.0 = Debug|Any CPU
		{92488795-A0B3-45EC-89FD-53F40721C6AA}.Release|Any CPU.ActiveCfg = Release|Any CPU
		{92488795-A0B3-45EC-89FD-53F40721C6AA}.Release|Any CPU.Build.0 = Release|Any CPU
		{92488795-A0B3-45EC-89FD-53F40721C6AA}.Release|x64.ActiveCfg = Release|Any CPU
		{92488795-A0B3-45EC-89FD-53F40721C6AA}.Release|x64.Build.0 = Release|Any CPU
		{92488795-A0B3-45EC-89FD-53F40721C6AA}.Release|x86.ActiveCfg = Release|Any CPU
		{92488795-A0B3-45EC-89FD-53F40721C6AA}.Release|x86.Build.0 = Release|Any CPU
		{A7367E23-E0A0-477A-86B6-AF9CFB95CF1C}.Debug|Any CPU.ActiveCfg = Debug|Any CPU
		{A7367E23-E0A0-477A-86B6-AF9CFB95CF1C}.Debug|Any CPU.Build.0 = Debug|Any CPU
		{A7367E23-E0A0-477A-86B6-AF9CFB95CF1C}.Debug|x64.ActiveCfg = Debug|Any CPU
		{A7367E23-E0A0-477A-86B6-AF9CFB95CF1C}.Debug|x64.Build.0 = Debug|Any CPU
		{A7367E23-E0A0-477A-86B6-AF9CFB95CF1C}.Debug|x86.ActiveCfg = Debug|Any CPU
		{A7367E23-E0A0-477A-86B6-AF9CFB95CF1C}.Debug|x86.Build.0 = Debug|Any CPU
		{A7367E23-E0A0-477A-86B6-AF9CFB95CF1C}.Release|Any CPU.ActiveCfg = Release|Any CPU
		{A7367E23-E0A0-477A-86B6-AF9CFB95CF1C}.Release|Any CPU.Build.0 = Release|Any CPU
		{A7367E23-E0A0-477A-86B6-AF9CFB95CF1C}.Release|x64.ActiveCfg = Release|Any CPU
		{A7367E23-E0A0-477A-86B6-AF9CFB95CF1C}.Release|x64.Build.0 = Release|Any CPU
		{A7367E23-E0A0-477A-86B6-AF9CFB95CF1C}.Release|x86.ActiveCfg = Release|Any CPU
		{A7367E23-E0A0-477A-86B6-AF9CFB95CF1C}.Release|x86.Build.0 = Release|Any CPU
		{AC6F6EFC-0916-410B-92ED-F817B024358C}.Debug|Any CPU.ActiveCfg = Debug|Any CPU
		{AC6F6EFC-0916-410B-92ED-F817B024358C}.Debug|Any CPU.Build.0 = Debug|Any CPU
		{AC6F6EFC-0916-410B-92ED-F817B024358C}.Debug|x64.ActiveCfg = Debug|Any CPU
		{AC6F6EFC-0916-410B-92ED-F817B024358C}.Debug|x64.Build.0 = Debug|Any CPU
		{AC6F6EFC-0916-410B-92ED-F817B024358C}.Debug|x86.ActiveCfg = Debug|Any CPU
		{AC6F6EFC-0916-410B-92ED-F817B024358C}.Debug|x86.Build.0 = Debug|Any CPU
		{AC6F6EFC-0916-410B-92ED-F817B024358C}.Release|Any CPU.ActiveCfg = Release|Any CPU
		{AC6F6EFC-0916-410B-92ED-F817B024358C}.Release|Any CPU.Build.0 = Release|Any CPU
		{AC6F6EFC-0916-410B-92ED-F817B024358C}.Release|x64.ActiveCfg = Release|Any CPU
		{AC6F6EFC-0916-410B-92ED-F817B024358C}.Release|x64.Build.0 = Release|Any CPU
		{AC6F6EFC-0916-410B-92ED-F817B024358C}.Release|x86.ActiveCfg = Release|Any CPU
		{AC6F6EFC-0916-410B-92ED-F817B024358C}.Release|x86.Build.0 = Release|Any CPU
		{D77844BC-5E27-4D94-809E-2AF39240D73F}.Debug|Any CPU.ActiveCfg = Debug|Any CPU
		{D77844BC-5E27-4D94-809E-2AF39240D73F}.Debug|Any CPU.Build.0 = Debug|Any CPU
		{D77844BC-5E27-4D94-809E-2AF39240D73F}.Debug|x64.ActiveCfg = Debug|Any CPU
		{D77844BC-5E27-4D94-809E-2AF39240D73F}.Debug|x64.Build.0 = Debug|Any CPU
		{D77844BC-5E27-4D94-809E-2AF39240D73F}.Debug|x86.ActiveCfg = Debug|Any CPU
		{D77844BC-5E27-4D94-809E-2AF39240D73F}.Debug|x86.Build.0 = Debug|Any CPU
		{D77844BC-5E27-4D94-809E-2AF39240D73F}.Release|Any CPU.ActiveCfg = Release|Any CPU
		{D77844BC-5E27-4D94-809E-2AF39240D73F}.Release|Any CPU.Build.0 = Release|Any CPU
		{D77844BC-5E27-4D94-809E-2AF39240D73F}.Release|x64.ActiveCfg = Release|Any CPU
		{D77844BC-5E27-4D94-809E-2AF39240D73F}.Release|x64.Build.0 = Release|Any CPU
		{D77844BC-5E27-4D94-809E-2AF39240D73F}.Release|x86.ActiveCfg = Release|Any CPU
		{D77844BC-5E27-4D94-809E-2AF39240D73F}.Release|x86.Build.0 = Release|Any CPU
		{C9A2470B-D346-4CBD-9FD5-672DB6206719}.Debug|Any CPU.ActiveCfg = Debug|Any CPU
		{C9A2470B-D346-4CBD-9FD5-672DB6206719}.Debug|Any CPU.Build.0 = Debug|Any CPU
		{C9A2470B-D346-4CBD-9FD5-672DB6206719}.Debug|x64.ActiveCfg = Debug|Any CPU
		{C9A2470B-D346-4CBD-9FD5-672DB6206719}.Debug|x64.Build.0 = Debug|Any CPU
		{C9A2470B-D346-4CBD-9FD5-672DB6206719}.Debug|x86.ActiveCfg = Debug|Any CPU
		{C9A2470B-D346-4CBD-9FD5-672DB6206719}.Debug|x86.Build.0 = Debug|Any CPU
		{C9A2470B-D346-4CBD-9FD5-672DB6206719}.Release|Any CPU.ActiveCfg = Release|Any CPU
		{C9A2470B-D346-4CBD-9FD5-672DB6206719}.Release|Any CPU.Build.0 = Release|Any CPU
		{C9A2470B-D346-4CBD-9FD5-672DB6206719}.Release|x64.ActiveCfg = Release|Any CPU
		{C9A2470B-D346-4CBD-9FD5-672DB6206719}.Release|x64.Build.0 = Release|Any CPU
		{C9A2470B-D346-4CBD-9FD5-672DB6206719}.Release|x86.ActiveCfg = Release|Any CPU
		{C9A2470B-D346-4CBD-9FD5-672DB6206719}.Release|x86.Build.0 = Release|Any CPU
		{28D705E3-BC46-4F99-91E0-9D46507E5349}.Debug|Any CPU.ActiveCfg = Debug|Any CPU
		{28D705E3-BC46-4F99-91E0-9D46507E5349}.Debug|Any CPU.Build.0 = Debug|Any CPU
		{28D705E3-BC46-4F99-91E0-9D46507E5349}.Debug|x64.ActiveCfg = Debug|Any CPU
		{28D705E3-BC46-4F99-91E0-9D46507E5349}.Debug|x64.Build.0 = Debug|Any CPU
		{28D705E3-BC46-4F99-91E0-9D46507E5349}.Debug|x86.ActiveCfg = Debug|Any CPU
		{28D705E3-BC46-4F99-91E0-9D46507E5349}.Debug|x86.Build.0 = Debug|Any CPU
		{28D705E3-BC46-4F99-91E0-9D46507E5349}.Release|Any CPU.ActiveCfg = Release|Any CPU
		{28D705E3-BC46-4F99-91E0-9D46507E5349}.Release|Any CPU.Build.0 = Release|Any CPU
		{28D705E3-BC46-4F99-91E0-9D46507E5349}.Release|x64.ActiveCfg = Release|Any CPU
		{28D705E3-BC46-4F99-91E0-9D46507E5349}.Release|x64.Build.0 = Release|Any CPU
		{28D705E3-BC46-4F99-91E0-9D46507E5349}.Release|x86.ActiveCfg = Release|Any CPU
		{28D705E3-BC46-4F99-91E0-9D46507E5349}.Release|x86.Build.0 = Release|Any CPU
	EndGlobalSection
	GlobalSection(SolutionProperties) = preSolution
		HideSolutionNode = FALSE
	EndGlobalSection
	GlobalSection(NestedProjects) = preSolution
		{BCA03BAF-3B55-4130-4D48-4F0AF866192D} = {CA253913-39DE-BFD0-C9A3-4B7EC6FBDF17}
		{8D8C0739-827F-4C27-BD2A-1E0F0C747F9B} = {BCA03BAF-3B55-4130-4D48-4F0AF866192D}
		{729B03C7-1C3E-5EDD-EDB4-38F58E22BDF1} = {CA253913-39DE-BFD0-C9A3-4B7EC6FBDF17}
		{92488795-A0B3-45EC-89FD-53F40721C6AA} = {729B03C7-1C3E-5EDD-EDB4-38F58E22BDF1}
		{BB0BEEE1-C6CC-7430-AB70-8D0C82AE13B4} = {CA253913-39DE-BFD0-C9A3-4B7EC6FBDF17}
		{A7367E23-E0A0-477A-86B6-AF9CFB95CF1C} = {BB0BEEE1-C6CC-7430-AB70-8D0C82AE13B4}
		{E1ED5814-3279-5096-6E7D-B99B82AC87D2} = {CA253913-39DE-BFD0-C9A3-4B7EC6FBDF17}
		{AC6F6EFC-0916-410B-92ED-F817B024358C} = {E1ED5814-3279-5096-6E7D-B99B82AC87D2}
		{3333CD61-D66C-0171-0725-9839E1F728CE} = {CA253913-39DE-BFD0-C9A3-4B7EC6FBDF17}
		{D77844BC-5E27-4D94-809E-2AF39240D73F} = {3333CD61-D66C-0171-0725-9839E1F728CE}
		{E4F07A3A-0D15-4D3A-4C13-E2BD6EBFF108} = {CA253913-39DE-BFD0-C9A3-4B7EC6FBDF17}
		{C9A2470B-D346-4CBD-9FD5-672DB6206719} = {E4F07A3A-0D15-4D3A-4C13-E2BD6EBFF108}
		{28D705E3-BC46-4F99-91E0-9D46507E5349} = {4F52FD11-658E-A102-6CD3-7D7C16FFA15B}
	EndGlobalSection
EndGlobal
